
Microsoft Visual Studio Solution File, Format Version 12.00
# Visual Studio Version 17
VisualStudioVersion = 17.0.31521.260
MinimumVisualStudioVersion = 10.0.40219.1
Project("{FAE04EC0-301F-11D3-BF4B-00C04F79EFBC}") = "CsvHelperAdapter.Core", "CsvHelperAdapter.Core\CsvHelperAdapter.Core.csproj", "{6A8D65E3-4110-439B-A752-3F1D68916AEE}"
EndProject
Project("{FAE04EC0-301F-11D3-BF4B-00C04F79EFBC}") = "CsvHelperAdapter.Tests", "CsvHelperAdapter.Tests\CsvHelperAdapter.Tests.csproj", "{AE822325-DACC-4D14-9F39-931813B73625}"
EndProject
Global
	GlobalSection(SolutionConfigurationPlatforms) = preSolution
		Debug|Any CPU = Debug|Any CPU
		Release|Any CPU = Release|Any CPU
	EndGlobalSection
	GlobalSection(ProjectConfigurationPlatforms) = postSolution
		{6A8D65E3-4110-439B-A752-3F1D68916AEE}.Debug|Any CPU.ActiveCfg = Debug|Any CPU
		{6A8D65E3-4110-439B-A752-3F1D68916AEE}.Debug|Any CPU.Build.0 = Debug|Any CPU
		{6A8D65E3-4110-439B-A752-3F1D68916AEE}.Release|Any CPU.ActiveCfg = Release|Any CPU
		{6A8D65E3-4110-439B-A752-3F1D68916AEE}.Release|Any CPU.Build.0 = Release|Any CPU
		{AE822325-DACC-4D14-9F39-931813B73625}.Debug|Any CPU.ActiveCfg = Debug|Any CPU
		{AE822325-DACC-4D14-9F39-931813B73625}.Debug|Any CPU.Build.0 = Debug|Any CPU
		{AE822325-DACC-4D14-9F39-931813B73625}.Release|Any CPU.ActiveCfg = Release|Any CPU
		{AE822325-DACC-4D14-9F39-931813B73625}.Release|Any CPU.Build.0 = Release|Any CPU
	EndGlobalSection
	GlobalSection(SolutionProperties) = preSolution
		HideSolutionNode = FALSE
	EndGlobalSection
	GlobalSection(ExtensibilityGlobals) = postSolution
		SolutionGuid = {0B392071-89E6-4DB8-BB54-BEC52690309D}
	EndGlobalSection
EndGlobal
